
Microsoft Visual Studio Solution File, Format Version 12.00
# Visual Studio 15
VisualStudioVersion = 15.0.26124.0
MinimumVisualStudioVersion = 15.0.26124.0
Project("{FAE04EC0-301F-11D3-BF4B-00C04F79EFBC}") = "Trinsic", "Trinsic\Trinsic.csproj", "{27653C85-B966-4FBD-8F5C-A2711F7DA913}"
EndProject
Project("{2150E333-8FDC-42A3-9474-1A3956D46DE8}") = "SupportLibraries", "SupportLibraries", "{9DC00609-BD25-4F61-B94C-BFF1E6898871}"
EndProject
Project("{FAE04EC0-301F-11D3-BF4B-00C04F79EFBC}") = "Trinsic.Protobuf", "Trinsic.Protobuf\Trinsic.Protobuf.csproj", "{6D106D2D-BE41-47E9-A067-63EECF9E5F93}"
EndProject
Project("{FAE04EC0-301F-11D3-BF4B-00C04F79EFBC}") = "Okapi", "..\okapi\dotnet\Library\Okapi\Okapi.csproj", "{6FC8A599-3BC5-4E4F-A8F8-9630EB03292D}"
EndProject
Global
	GlobalSection(SolutionConfigurationPlatforms) = preSolution
		Debug|Any CPU = Debug|Any CPU
		Debug|x64 = Debug|x64
		Debug|x86 = Debug|x86
		Release|Any CPU = Release|Any CPU
		Release|x64 = Release|x64
		Release|x86 = Release|x86
	EndGlobalSection
	GlobalSection(SolutionProperties) = preSolution
		HideSolutionNode = FALSE
	EndGlobalSection
	GlobalSection(ProjectConfigurationPlatforms) = postSolution
		{27653C85-B966-4FBD-8F5C-A2711F7DA913}.Debug|Any CPU.ActiveCfg = Debug|Any CPU
		{27653C85-B966-4FBD-8F5C-A2711F7DA913}.Debug|Any CPU.Build.0 = Debug|Any CPU
		{27653C85-B966-4FBD-8F5C-A2711F7DA913}.Debug|x64.ActiveCfg = Debug|Any CPU
		{27653C85-B966-4FBD-8F5C-A2711F7DA913}.Debug|x64.Build.0 = Debug|Any CPU
		{27653C85-B966-4FBD-8F5C-A2711F7DA913}.Debug|x86.ActiveCfg = Debug|Any CPU
		{27653C85-B966-4FBD-8F5C-A2711F7DA913}.Debug|x86.Build.0 = Debug|Any CPU
		{27653C85-B966-4FBD-8F5C-A2711F7DA913}.Release|Any CPU.ActiveCfg = Release|Any CPU
		{27653C85-B966-4FBD-8F5C-A2711F7DA913}.Release|Any CPU.Build.0 = Release|Any CPU
		{27653C85-B966-4FBD-8F5C-A2711F7DA913}.Release|x64.ActiveCfg = Release|Any CPU
		{27653C85-B966-4FBD-8F5C-A2711F7DA913}.Release|x64.Build.0 = Release|Any CPU
		{27653C85-B966-4FBD-8F5C-A2711F7DA913}.Release|x86.ActiveCfg = Release|Any CPU
		{27653C85-B966-4FBD-8F5C-A2711F7DA913}.Release|x86.Build.0 = Release|Any CPU
		{6D106D2D-BE41-47E9-A067-63EECF9E5F93}.Debug|Any CPU.ActiveCfg = Debug|Any CPU
		{6D106D2D-BE41-47E9-A067-63EECF9E5F93}.Debug|Any CPU.Build.0 = Debug|Any CPU
		{6D106D2D-BE41-47E9-A067-63EECF9E5F93}.Debug|x64.ActiveCfg = Debug|Any CPU
		{6D106D2D-BE41-47E9-A067-63EECF9E5F93}.Debug|x64.Build.0 = Debug|Any CPU
		{6D106D2D-BE41-47E9-A067-63EECF9E5F93}.Debug|x86.ActiveCfg = Debug|Any CPU
		{6D106D2D-BE41-47E9-A067-63EECF9E5F93}.Debug|x86.Build.0 = Debug|Any CPU
		{6D106D2D-BE41-47E9-A067-63EECF9E5F93}.Release|Any CPU.ActiveCfg = Release|Any CPU
		{6D106D2D-BE41-47E9-A067-63EECF9E5F93}.Release|Any CPU.Build.0 = Release|Any CPU
		{6D106D2D-BE41-47E9-A067-63EECF9E5F93}.Release|x64.ActiveCfg = Release|Any CPU
		{6D106D2D-BE41-47E9-A067-63EECF9E5F93}.Release|x64.Build.0 = Release|Any CPU
		{6D106D2D-BE41-47E9-A067-63EECF9E5F93}.Release|x86.ActiveCfg = Release|Any CPU
		{6D106D2D-BE41-47E9-A067-63EECF9E5F93}.Release|x86.Build.0 = Release|Any CPU
		{6FC8A599-3BC5-4E4F-A8F8-9630EB03292D}.Debug|Any CPU.ActiveCfg = Debug|Any CPU
		{6FC8A599-3BC5-4E4F-A8F8-9630EB03292D}.Debug|x64.ActiveCfg = Debug|Any CPU
		{6FC8A599-3BC5-4E4F-A8F8-9630EB03292D}.Debug|x64.Build.0 = Debug|Any CPU
		{6FC8A599-3BC5-4E4F-A8F8-9630EB03292D}.Debug|x86.ActiveCfg = Debug|Any CPU
		{6FC8A599-3BC5-4E4F-A8F8-9630EB03292D}.Debug|x86.Build.0 = Debug|Any CPU
		{6FC8A599-3BC5-4E4F-A8F8-9630EB03292D}.Release|Any CPU.ActiveCfg = Release|Any CPU
		{6FC8A599-3BC5-4E4F-A8F8-9630EB03292D}.Release|x64.ActiveCfg = Release|Any CPU
		{6FC8A599-3BC5-4E4F-A8F8-9630EB03292D}.Release|x64.Build.0 = Release|Any CPU
		{6FC8A599-3BC5-4E4F-A8F8-9630EB03292D}.Release|x86.ActiveCfg = Release|Any CPU
		{6FC8A599-3BC5-4E4F-A8F8-9630EB03292D}.Release|x86.Build.0 = Release|Any CPU
	EndGlobalSection
	GlobalSection(NestedProjects) = preSolution
		{6FC8A599-3BC5-4E4F-A8F8-9630EB03292D} = {9DC00609-BD25-4F61-B94C-BFF1E6898871}
	EndGlobalSection
EndGlobal
