{
  "name": "sample",
  "version": "1.0.0",
  "lockfileVersion": 1,
  "requires": true,
  "dependencies": {
    "@grpc/grpc-js": {
      "version": "1.2.8",
      "resolved": "https://pkgs.dev.azure.com/trinsic-id/_packaging/Packages/npm/registry/@grpc/grpc-js/-/grpc-js-1.2.8.tgz",
      "integrity": "sha1-fhqrj9TVdrjubnO7pHXZSmf/0H0=",
      "requires": {
        "@types/node": ">=12.12.47",
        "google-auth-library": "^6.1.1",
        "semver": "^6.2.0"
      }
    },
    "@types/node": {
      "version": "14.14.31",
      "resolved": "https://pkgs.dev.azure.com/trinsic-id/_packaging/Packages/npm/registry/@types/node/-/node-14.14.31.tgz",
      "integrity": "sha1-cihr0z0TeqDRUtR+x8F2JWPTQFU="
    },
    "abort-controller": {
      "version": "3.0.0",
      "resolved": "https://pkgs.dev.azure.com/trinsic-id/_packaging/Packages/npm/registry/abort-controller/-/abort-controller-3.0.0.tgz",
      "integrity": "sha1-6vVNU7YrrkE46AnKIlyEOabvs5I=",
      "requires": {
        "event-target-shim": "^5.0.0"
      }
    },
    "agent-base": {
      "version": "6.0.2",
      "resolved": "https://pkgs.dev.azure.com/trinsic-id/_packaging/Packages/npm/registry/agent-base/-/agent-base-6.0.2.tgz",
      "integrity": "sha1-Sf/1hXfP7j83F2/qtMIuAPhtf3c=",
      "requires": {
        "debug": "4"
      }
    },
    "arrify": {
      "version": "2.0.1",
      "resolved": "https://pkgs.dev.azure.com/trinsic-id/_packaging/Packages/npm/registry/arrify/-/arrify-2.0.1.tgz",
      "integrity": "sha1-yWVekzHgq81YjSp8rX6ZVvZnAfo="
    },
    "base64-js": {
      "version": "1.5.1",
      "resolved": "https://pkgs.dev.azure.com/trinsic-id/_packaging/Packages/npm/registry/base64-js/-/base64-js-1.5.1.tgz",
      "integrity": "sha1-GxtEAWClv3rUC2UPCVljSBkDkwo="
    },
    "bignumber.js": {
      "version": "9.0.1",
      "resolved": "https://pkgs.dev.azure.com/trinsic-id/_packaging/Packages/npm/registry/bignumber.js/-/bignumber.js-9.0.1.tgz",
      "integrity": "sha1-jXuhJMiCv9jkMmDGdHVRjQaJ5OU="
    },
    "buffer-equal-constant-time": {
      "version": "1.0.1",
      "resolved": "https://pkgs.dev.azure.com/trinsic-id/_packaging/Packages/npm/registry/buffer-equal-constant-time/-/buffer-equal-constant-time-1.0.1.tgz",
      "integrity": "sha1-+OcRMvf/5uAaXJaXpMbz5I1cyBk="
    },
    "debug": {
      "version": "4.3.1",
      "resolved": "https://pkgs.dev.azure.com/trinsic-id/_packaging/Packages/npm/registry/debug/-/debug-4.3.1.tgz",
      "integrity": "sha1-8NIpxQXgxtjEmsVT0bE9wYP2su4=",
      "requires": {
        "ms": "2.1.2"
      }
    },
    "ecdsa-sig-formatter": {
      "version": "1.0.11",
      "resolved": "https://pkgs.dev.azure.com/trinsic-id/_packaging/Packages/npm/registry/ecdsa-sig-formatter/-/ecdsa-sig-formatter-1.0.11.tgz",
      "integrity": "sha1-rg8PothQRe8UqBfao86azQSJ5b8=",
      "requires": {
        "safe-buffer": "^5.0.1"
      }
    },
    "event-target-shim": {
      "version": "5.0.1",
      "resolved": "https://pkgs.dev.azure.com/trinsic-id/_packaging/Packages/npm/registry/event-target-shim/-/event-target-shim-5.0.1.tgz",
      "integrity": "sha1-XU0+vflYPWOlMzzi3rdICrKwV4k="
    },
    "extend": {
      "version": "3.0.2",
      "resolved": "https://pkgs.dev.azure.com/trinsic-id/_packaging/Packages/npm/registry/extend/-/extend-3.0.2.tgz",
      "integrity": "sha1-+LETa0Bx+9jrFAr/hYsQGewpFfo="
    },
    "fast-text-encoding": {
      "version": "1.0.3",
      "resolved": "https://pkgs.dev.azure.com/trinsic-id/_packaging/Packages/npm/registry/fast-text-encoding/-/fast-text-encoding-1.0.3.tgz",
      "integrity": "sha1-7AKsjgGrijGa8YLa4mgSE8/pzlM="
    },
    "gaxios": {
      "version": "4.1.0",
      "resolved": "https://pkgs.dev.azure.com/trinsic-id/_packaging/Packages/npm/registry/gaxios/-/gaxios-4.1.0.tgz",
      "integrity": "sha1-6K1GbbWkODxwudY7/RTfqofrAJk=",
      "requires": {
        "abort-controller": "^3.0.0",
        "extend": "^3.0.2",
        "https-proxy-agent": "^5.0.0",
        "is-stream": "^2.0.0",
        "node-fetch": "^2.3.0"
      }
    },
    "gcp-metadata": {
      "version": "4.2.1",
      "resolved": "https://pkgs.dev.azure.com/trinsic-id/_packaging/Packages/npm/registry/gcp-metadata/-/gcp-metadata-4.2.1.tgz",
      "integrity": "sha1-MYSfvPkCXvNMIpfDKomh5+nyzWI=",
      "requires": {
        "gaxios": "^4.0.0",
        "json-bigint": "^1.0.0"
      }
    },
    "google-auth-library": {
      "version": "6.1.6",
      "resolved": "https://pkgs.dev.azure.com/trinsic-id/_packaging/Packages/npm/registry/google-auth-library/-/google-auth-library-6.1.6.tgz",
      "integrity": "sha1-3qzc24g9nta6x4u115oHiHf99XI=",
      "requires": {
        "arrify": "^2.0.0",
        "base64-js": "^1.3.0",
        "ecdsa-sig-formatter": "^1.0.11",
        "fast-text-encoding": "^1.0.0",
        "gaxios": "^4.0.0",
        "gcp-metadata": "^4.2.0",
        "gtoken": "^5.0.4",
        "jws": "^4.0.0",
        "lru-cache": "^6.0.0"
      }
    },
    "google-p12-pem": {
      "version": "3.0.3",
      "resolved": "https://pkgs.dev.azure.com/trinsic-id/_packaging/Packages/npm/registry/google-p12-pem/-/google-p12-pem-3.0.3.tgz",
      "integrity": "sha1-ZzrDp105A6h/BYePPHXgb8FRZp4=",
      "requires": {
        "node-forge": "^0.10.0"
      }
    },
    "google-protobuf": {
      "version": "3.15.1",
      "resolved": "https://pkgs.dev.azure.com/trinsic-id/_packaging/Packages/npm/registry/google-protobuf/-/google-protobuf-3.15.1.tgz",
      "integrity": "sha1-tF1C7OSJc6nl4zZrTLz4XuYxT5Q="
    },
    "gtoken": {
      "version": "5.2.1",
      "resolved": "https://pkgs.dev.azure.com/trinsic-id/_packaging/Packages/npm/registry/gtoken/-/gtoken-5.2.1.tgz",
      "integrity": "sha1-Ta4f6hcnD0V5VLSkUjS7pfx5bRY=",
      "requires": {
        "gaxios": "^4.0.0",
        "google-p12-pem": "^3.0.3",
        "jws": "^4.0.0"
      }
    },
    "https-proxy-agent": {
      "version": "5.0.0",
      "resolved": "https://pkgs.dev.azure.com/trinsic-id/_packaging/Packages/npm/registry/https-proxy-agent/-/https-proxy-agent-5.0.0.tgz",
      "integrity": "sha1-4qkFQqu2inYuCghQ9sntrf2FBrI=",
      "requires": {
        "agent-base": "6",
        "debug": "4"
      }
    },
    "is-stream": {
      "version": "2.0.0",
      "resolved": "https://pkgs.dev.azure.com/trinsic-id/_packaging/Packages/npm/registry/is-stream/-/is-stream-2.0.0.tgz",
      "integrity": "sha1-venDJoDW+uBBKdasnZIc54FfeOM="
    },
    "json-bigint": {
      "version": "1.0.0",
      "resolved": "https://pkgs.dev.azure.com/trinsic-id/_packaging/Packages/npm/registry/json-bigint/-/json-bigint-1.0.0.tgz",
      "integrity": "sha1-rlR4I6wMrYOYZn+M2e9HMPWwH/E=",
      "requires": {
        "bignumber.js": "^9.0.0"
      }
    },
    "jwa": {
      "version": "2.0.0",
      "resolved": "https://pkgs.dev.azure.com/trinsic-id/_packaging/Packages/npm/registry/jwa/-/jwa-2.0.0.tgz",
      "integrity": "sha1-p+nD8p2ulAJ+vK9Jl1yTRVk0EPw=",
      "requires": {
        "buffer-equal-constant-time": "1.0.1",
        "ecdsa-sig-formatter": "1.0.11",
        "safe-buffer": "^5.0.1"
      }
    },
    "jws": {
      "version": "4.0.0",
      "resolved": "https://pkgs.dev.azure.com/trinsic-id/_packaging/Packages/npm/registry/jws/-/jws-4.0.0.tgz",
      "integrity": "sha1-LU6M9qMY/6oSYV6d7H6G5slzEPQ=",
      "requires": {
        "jwa": "^2.0.0",
        "safe-buffer": "^5.0.1"
      }
    },
    "lru-cache": {
      "version": "6.0.0",
      "resolved": "https://pkgs.dev.azure.com/trinsic-id/_packaging/Packages/npm/registry/lru-cache/-/lru-cache-6.0.0.tgz",
      "integrity": "sha1-bW/mVw69lqr5D8rR2vo7JWbbOpQ=",
      "requires": {
        "yallist": "^4.0.0"
      }
    },
    "ms": {
      "version": "2.1.2",
      "resolved": "https://pkgs.dev.azure.com/trinsic-id/_packaging/Packages/npm/registry/ms/-/ms-2.1.2.tgz",
      "integrity": "sha1-0J0fNXtEP0kzgqjrPM0YOHKuYAk="
    },
    "node-fetch": {
      "version": "2.6.1",
      "resolved": "https://pkgs.dev.azure.com/trinsic-id/_packaging/Packages/npm/registry/node-fetch/-/node-fetch-2.6.1.tgz",
      "integrity": "sha1-BFvTI2Mfdu0uK1VXM5RBa2OaAFI="
    },
    "node-forge": {
      "version": "0.10.0",
      "resolved": "https://pkgs.dev.azure.com/trinsic-id/_packaging/Packages/npm/registry/node-forge/-/node-forge-0.10.0.tgz",
      "integrity": "sha1-Mt6ir7Ppkm8C7lzoeUkCaRpna/M="
    },
    "safe-buffer": {
      "version": "5.2.1",
      "resolved": "https://pkgs.dev.azure.com/trinsic-id/_packaging/Packages/npm/registry/safe-buffer/-/safe-buffer-5.2.1.tgz",
      "integrity": "sha1-Hq+fqb2x/dTsdfWPnNtOa3gn7sY="
    },
    "semver": {
      "version": "6.3.0",
      "resolved": "https://pkgs.dev.azure.com/trinsic-id/_packaging/Packages/npm/registry/semver/-/semver-6.3.0.tgz",
      "integrity": "sha1-7gpkyK9ejO6mdoexM3YeG+y9HT0="
    },
    "trinsic": {
      "version": "1.0.1",
      "resolved": "https://pkgs.dev.azure.com/trinsic-id/_packaging/Packages/npm/registry/trinsic/-/trinsic-1.0.1.tgz",
      "integrity": "sha1-wQ8gIBfaaZ23Ro6RxvEdbNCEg84=",
      "requires": {
        "@grpc/grpc-js": "^1.2.8",
        "google-protobuf": "^3.15.1"
      }
    },
    "yallist": {
      "version": "4.0.0",
      "resolved": "https://pkgs.dev.azure.com/trinsic-id/_packaging/Packages/npm/registry/yallist/-/yallist-4.0.0.tgz",
      "integrity": "sha1-m7knkNnA7/7GO+c1GeEaNQGaOnI="
    }
  }
}
