
Microsoft Visual Studio Solution File, Format Version 12.00
# Visual Studio 15
VisualStudioVersion = 15.0.26124.0
MinimumVisualStudioVersion = 15.0.26124.0
Project("{FAE04EC0-301F-11D3-BF4B-00C04F79EFBC}") = "Trinsic.Sdk", "Trinsic.Sdk\Trinsic.Sdk.csproj", "{27653C85-B966-4FBD-8F5C-A2711F7DA913}"
EndProject
Project("{2150E333-8FDC-42A3-9474-1A3956D46DE8}") = "SupportLibraries", "SupportLibraries", "{9DC00609-BD25-4F61-B94C-BFF1E6898871}"
EndProject
Project("{FAE04EC0-301F-11D3-BF4B-00C04F79EFBC}") = "DIDComm.Messaging.gRPC", "..\..\didcomm-v2\dotnet\Library\DIDComm.Messaging.gRPC\DIDComm.Messaging.gRPC.csproj", "{D72E5263-0916-4EFB-86A2-947C684374C5}"
EndProject
Project("{FAE04EC0-301F-11D3-BF4B-00C04F79EFBC}") = "LinkedDataProofs", "..\..\ld-proofs-dotnet\Library\LinkedDataProofs\LinkedDataProofs.csproj", "{7F43D8EC-6F4D-4D5F-8180-65FC25243AC8}"
EndProject
Project("{FAE04EC0-301F-11D3-BF4B-00C04F79EFBC}") = "DidCore", "..\..\ld-proofs-dotnet\Library\DidCore\DidCore.csproj", "{A7D62A93-BFD2-430E-B7B0-0900FB339851}"
EndProject
Project("{FAE04EC0-301F-11D3-BF4B-00C04F79EFBC}") = "LinkedDataProofs.SecurityVocabulary", "..\..\ld-proofs-dotnet\Library\LinkedDataProofs.SecurityVocabulary\LinkedDataProofs.SecurityVocabulary.csproj", "{BD8CEF1B-58C3-4AC0-9C22-9D7652D0B72E}"
EndProject
Project("{FAE04EC0-301F-11D3-BF4B-00C04F79EFBC}") = "LinkedDataProofs.Zcaps", "..\..\ld-proofs-dotnet\Library\LinkedDataProofs.Zcaps\LinkedDataProofs.Zcaps.csproj", "{266F1E27-87A6-4EB7-B567-B387CC2F45B3}"
EndProject
Project("{FAE04EC0-301F-11D3-BF4B-00C04F79EFBC}") = "Trinsic.Identity.Protobuf", "..\..\Source\Trinsic.Identity.Protobuf\Trinsic.Identity.Protobuf.csproj", "{CE8AA731-CC05-4DAE-B3AB-9F3866D189F1}"
EndProject
Project("{FAE04EC0-301F-11D3-BF4B-00C04F79EFBC}") = "Trinsic.Sdk.Tests", "Trinsic.Sdk.Tests\Trinsic.Sdk.Tests.csproj", "{C9FA8D60-CF98-44E0-86CC-9394600B5281}"
EndProject
Global
	GlobalSection(SolutionConfigurationPlatforms) = preSolution
		Debug|Any CPU = Debug|Any CPU
		Debug|x64 = Debug|x64
		Debug|x86 = Debug|x86
		Release|Any CPU = Release|Any CPU
		Release|x64 = Release|x64
		Release|x86 = Release|x86
	EndGlobalSection
	GlobalSection(SolutionProperties) = preSolution
		HideSolutionNode = FALSE
	EndGlobalSection
	GlobalSection(ProjectConfigurationPlatforms) = postSolution
		{27653C85-B966-4FBD-8F5C-A2711F7DA913}.Debug|Any CPU.ActiveCfg = Debug|Any CPU
		{27653C85-B966-4FBD-8F5C-A2711F7DA913}.Debug|Any CPU.Build.0 = Debug|Any CPU
		{27653C85-B966-4FBD-8F5C-A2711F7DA913}.Debug|x64.ActiveCfg = Debug|Any CPU
		{27653C85-B966-4FBD-8F5C-A2711F7DA913}.Debug|x64.Build.0 = Debug|Any CPU
		{27653C85-B966-4FBD-8F5C-A2711F7DA913}.Debug|x86.ActiveCfg = Debug|Any CPU
		{27653C85-B966-4FBD-8F5C-A2711F7DA913}.Debug|x86.Build.0 = Debug|Any CPU
		{27653C85-B966-4FBD-8F5C-A2711F7DA913}.Release|Any CPU.ActiveCfg = Release|Any CPU
		{27653C85-B966-4FBD-8F5C-A2711F7DA913}.Release|Any CPU.Build.0 = Release|Any CPU
		{27653C85-B966-4FBD-8F5C-A2711F7DA913}.Release|x64.ActiveCfg = Release|Any CPU
		{27653C85-B966-4FBD-8F5C-A2711F7DA913}.Release|x64.Build.0 = Release|Any CPU
		{27653C85-B966-4FBD-8F5C-A2711F7DA913}.Release|x86.ActiveCfg = Release|Any CPU
		{27653C85-B966-4FBD-8F5C-A2711F7DA913}.Release|x86.Build.0 = Release|Any CPU
		{D72E5263-0916-4EFB-86A2-947C684374C5}.Debug|Any CPU.ActiveCfg = Debug|Any CPU
		{D72E5263-0916-4EFB-86A2-947C684374C5}.Debug|Any CPU.Build.0 = Debug|Any CPU
		{D72E5263-0916-4EFB-86A2-947C684374C5}.Debug|x64.ActiveCfg = Debug|Any CPU
		{D72E5263-0916-4EFB-86A2-947C684374C5}.Debug|x64.Build.0 = Debug|Any CPU
		{D72E5263-0916-4EFB-86A2-947C684374C5}.Debug|x86.ActiveCfg = Debug|Any CPU
		{D72E5263-0916-4EFB-86A2-947C684374C5}.Debug|x86.Build.0 = Debug|Any CPU
		{D72E5263-0916-4EFB-86A2-947C684374C5}.Release|Any CPU.ActiveCfg = Release|Any CPU
		{D72E5263-0916-4EFB-86A2-947C684374C5}.Release|Any CPU.Build.0 = Release|Any CPU
		{D72E5263-0916-4EFB-86A2-947C684374C5}.Release|x64.ActiveCfg = Release|Any CPU
		{D72E5263-0916-4EFB-86A2-947C684374C5}.Release|x64.Build.0 = Release|Any CPU
		{D72E5263-0916-4EFB-86A2-947C684374C5}.Release|x86.ActiveCfg = Release|Any CPU
		{D72E5263-0916-4EFB-86A2-947C684374C5}.Release|x86.Build.0 = Release|Any CPU
		{7F43D8EC-6F4D-4D5F-8180-65FC25243AC8}.Debug|Any CPU.ActiveCfg = Debug|Any CPU
		{7F43D8EC-6F4D-4D5F-8180-65FC25243AC8}.Debug|Any CPU.Build.0 = Debug|Any CPU
		{7F43D8EC-6F4D-4D5F-8180-65FC25243AC8}.Debug|x64.ActiveCfg = Debug|Any CPU
		{7F43D8EC-6F4D-4D5F-8180-65FC25243AC8}.Debug|x64.Build.0 = Debug|Any CPU
		{7F43D8EC-6F4D-4D5F-8180-65FC25243AC8}.Debug|x86.ActiveCfg = Debug|Any CPU
		{7F43D8EC-6F4D-4D5F-8180-65FC25243AC8}.Debug|x86.Build.0 = Debug|Any CPU
		{7F43D8EC-6F4D-4D5F-8180-65FC25243AC8}.Release|Any CPU.ActiveCfg = Release|Any CPU
		{7F43D8EC-6F4D-4D5F-8180-65FC25243AC8}.Release|Any CPU.Build.0 = Release|Any CPU
		{7F43D8EC-6F4D-4D5F-8180-65FC25243AC8}.Release|x64.ActiveCfg = Release|Any CPU
		{7F43D8EC-6F4D-4D5F-8180-65FC25243AC8}.Release|x64.Build.0 = Release|Any CPU
		{7F43D8EC-6F4D-4D5F-8180-65FC25243AC8}.Release|x86.ActiveCfg = Release|Any CPU
		{7F43D8EC-6F4D-4D5F-8180-65FC25243AC8}.Release|x86.Build.0 = Release|Any CPU
		{A7D62A93-BFD2-430E-B7B0-0900FB339851}.Debug|Any CPU.ActiveCfg = Debug|Any CPU
		{A7D62A93-BFD2-430E-B7B0-0900FB339851}.Debug|Any CPU.Build.0 = Debug|Any CPU
		{A7D62A93-BFD2-430E-B7B0-0900FB339851}.Debug|x64.ActiveCfg = Debug|Any CPU
		{A7D62A93-BFD2-430E-B7B0-0900FB339851}.Debug|x64.Build.0 = Debug|Any CPU
		{A7D62A93-BFD2-430E-B7B0-0900FB339851}.Debug|x86.ActiveCfg = Debug|Any CPU
		{A7D62A93-BFD2-430E-B7B0-0900FB339851}.Debug|x86.Build.0 = Debug|Any CPU
		{A7D62A93-BFD2-430E-B7B0-0900FB339851}.Release|Any CPU.ActiveCfg = Release|Any CPU
		{A7D62A93-BFD2-430E-B7B0-0900FB339851}.Release|Any CPU.Build.0 = Release|Any CPU
		{A7D62A93-BFD2-430E-B7B0-0900FB339851}.Release|x64.ActiveCfg = Release|Any CPU
		{A7D62A93-BFD2-430E-B7B0-0900FB339851}.Release|x64.Build.0 = Release|Any CPU
		{A7D62A93-BFD2-430E-B7B0-0900FB339851}.Release|x86.ActiveCfg = Release|Any CPU
		{A7D62A93-BFD2-430E-B7B0-0900FB339851}.Release|x86.Build.0 = Release|Any CPU
		{BD8CEF1B-58C3-4AC0-9C22-9D7652D0B72E}.Debug|Any CPU.ActiveCfg = Debug|Any CPU
		{BD8CEF1B-58C3-4AC0-9C22-9D7652D0B72E}.Debug|Any CPU.Build.0 = Debug|Any CPU
		{BD8CEF1B-58C3-4AC0-9C22-9D7652D0B72E}.Debug|x64.ActiveCfg = Debug|Any CPU
		{BD8CEF1B-58C3-4AC0-9C22-9D7652D0B72E}.Debug|x64.Build.0 = Debug|Any CPU
		{BD8CEF1B-58C3-4AC0-9C22-9D7652D0B72E}.Debug|x86.ActiveCfg = Debug|Any CPU
		{BD8CEF1B-58C3-4AC0-9C22-9D7652D0B72E}.Debug|x86.Build.0 = Debug|Any CPU
		{BD8CEF1B-58C3-4AC0-9C22-9D7652D0B72E}.Release|Any CPU.ActiveCfg = Release|Any CPU
		{BD8CEF1B-58C3-4AC0-9C22-9D7652D0B72E}.Release|Any CPU.Build.0 = Release|Any CPU
		{BD8CEF1B-58C3-4AC0-9C22-9D7652D0B72E}.Release|x64.ActiveCfg = Release|Any CPU
		{BD8CEF1B-58C3-4AC0-9C22-9D7652D0B72E}.Release|x64.Build.0 = Release|Any CPU
		{BD8CEF1B-58C3-4AC0-9C22-9D7652D0B72E}.Release|x86.ActiveCfg = Release|Any CPU
		{BD8CEF1B-58C3-4AC0-9C22-9D7652D0B72E}.Release|x86.Build.0 = Release|Any CPU
		{266F1E27-87A6-4EB7-B567-B387CC2F45B3}.Debug|Any CPU.ActiveCfg = Debug|Any CPU
		{266F1E27-87A6-4EB7-B567-B387CC2F45B3}.Debug|Any CPU.Build.0 = Debug|Any CPU
		{266F1E27-87A6-4EB7-B567-B387CC2F45B3}.Debug|x64.ActiveCfg = Debug|Any CPU
		{266F1E27-87A6-4EB7-B567-B387CC2F45B3}.Debug|x64.Build.0 = Debug|Any CPU
		{266F1E27-87A6-4EB7-B567-B387CC2F45B3}.Debug|x86.ActiveCfg = Debug|Any CPU
		{266F1E27-87A6-4EB7-B567-B387CC2F45B3}.Debug|x86.Build.0 = Debug|Any CPU
		{266F1E27-87A6-4EB7-B567-B387CC2F45B3}.Release|Any CPU.ActiveCfg = Release|Any CPU
		{266F1E27-87A6-4EB7-B567-B387CC2F45B3}.Release|Any CPU.Build.0 = Release|Any CPU
		{266F1E27-87A6-4EB7-B567-B387CC2F45B3}.Release|x64.ActiveCfg = Release|Any CPU
		{266F1E27-87A6-4EB7-B567-B387CC2F45B3}.Release|x64.Build.0 = Release|Any CPU
		{266F1E27-87A6-4EB7-B567-B387CC2F45B3}.Release|x86.ActiveCfg = Release|Any CPU
		{266F1E27-87A6-4EB7-B567-B387CC2F45B3}.Release|x86.Build.0 = Release|Any CPU
		{CE8AA731-CC05-4DAE-B3AB-9F3866D189F1}.Debug|Any CPU.ActiveCfg = Debug|Any CPU
		{CE8AA731-CC05-4DAE-B3AB-9F3866D189F1}.Debug|Any CPU.Build.0 = Debug|Any CPU
		{CE8AA731-CC05-4DAE-B3AB-9F3866D189F1}.Debug|x64.ActiveCfg = Debug|Any CPU
		{CE8AA731-CC05-4DAE-B3AB-9F3866D189F1}.Debug|x64.Build.0 = Debug|Any CPU
		{CE8AA731-CC05-4DAE-B3AB-9F3866D189F1}.Debug|x86.ActiveCfg = Debug|Any CPU
		{CE8AA731-CC05-4DAE-B3AB-9F3866D189F1}.Debug|x86.Build.0 = Debug|Any CPU
		{CE8AA731-CC05-4DAE-B3AB-9F3866D189F1}.Release|Any CPU.ActiveCfg = Release|Any CPU
		{CE8AA731-CC05-4DAE-B3AB-9F3866D189F1}.Release|Any CPU.Build.0 = Release|Any CPU
		{CE8AA731-CC05-4DAE-B3AB-9F3866D189F1}.Release|x64.ActiveCfg = Release|Any CPU
		{CE8AA731-CC05-4DAE-B3AB-9F3866D189F1}.Release|x64.Build.0 = Release|Any CPU
		{CE8AA731-CC05-4DAE-B3AB-9F3866D189F1}.Release|x86.ActiveCfg = Release|Any CPU
		{CE8AA731-CC05-4DAE-B3AB-9F3866D189F1}.Release|x86.Build.0 = Release|Any CPU
		{C9FA8D60-CF98-44E0-86CC-9394600B5281}.Debug|Any CPU.ActiveCfg = Debug|Any CPU
		{C9FA8D60-CF98-44E0-86CC-9394600B5281}.Debug|Any CPU.Build.0 = Debug|Any CPU
		{C9FA8D60-CF98-44E0-86CC-9394600B5281}.Debug|x64.ActiveCfg = Debug|Any CPU
		{C9FA8D60-CF98-44E0-86CC-9394600B5281}.Debug|x64.Build.0 = Debug|Any CPU
		{C9FA8D60-CF98-44E0-86CC-9394600B5281}.Debug|x86.ActiveCfg = Debug|Any CPU
		{C9FA8D60-CF98-44E0-86CC-9394600B5281}.Debug|x86.Build.0 = Debug|Any CPU
		{C9FA8D60-CF98-44E0-86CC-9394600B5281}.Release|Any CPU.ActiveCfg = Release|Any CPU
		{C9FA8D60-CF98-44E0-86CC-9394600B5281}.Release|Any CPU.Build.0 = Release|Any CPU
		{C9FA8D60-CF98-44E0-86CC-9394600B5281}.Release|x64.ActiveCfg = Release|Any CPU
		{C9FA8D60-CF98-44E0-86CC-9394600B5281}.Release|x64.Build.0 = Release|Any CPU
		{C9FA8D60-CF98-44E0-86CC-9394600B5281}.Release|x86.ActiveCfg = Release|Any CPU
		{C9FA8D60-CF98-44E0-86CC-9394600B5281}.Release|x86.Build.0 = Release|Any CPU
	EndGlobalSection
	GlobalSection(NestedProjects) = preSolution
		{D72E5263-0916-4EFB-86A2-947C684374C5} = {9DC00609-BD25-4F61-B94C-BFF1E6898871}
		{7F43D8EC-6F4D-4D5F-8180-65FC25243AC8} = {9DC00609-BD25-4F61-B94C-BFF1E6898871}
		{A7D62A93-BFD2-430E-B7B0-0900FB339851} = {9DC00609-BD25-4F61-B94C-BFF1E6898871}
		{BD8CEF1B-58C3-4AC0-9C22-9D7652D0B72E} = {9DC00609-BD25-4F61-B94C-BFF1E6898871}
		{266F1E27-87A6-4EB7-B567-B387CC2F45B3} = {9DC00609-BD25-4F61-B94C-BFF1E6898871}
		{CE8AA731-CC05-4DAE-B3AB-9F3866D189F1} = {9DC00609-BD25-4F61-B94C-BFF1E6898871}
	EndGlobalSection
EndGlobal
