{
    "name": "@trinsic/connect",
    "version": "0.0.2",
    "lockfileVersion": 3,
    "requires": true,
    "packages": {
        "": {
            "name": "@trinsic/connect",
            "version": "0.0.2",
            "dependencies": {
                "micromodal": "0.4.10",
                "oidc-client-ts": "2.2.5"
            },
            "devDependencies": {
                "typescript": "^4.0 || ^5.0"
            }
        },
        "node_modules/crypto-js": {
            "version": "4.2.0",
            "resolved": "https://registry.npmjs.org/crypto-js/-/crypto-js-4.2.0.tgz",
            "integrity": "sha512-KALDyEYgpY+Rlob/iriUtjV6d5Eq+Y191A5g4UqLAi8CyGP9N1+FdVbkc1SxKc2r4YAYqG8JzO2KGL+AizD70Q=="
        },
        "node_modules/jwt-decode": {
            "version": "3.1.2",
            "resolved": "https://registry.npmjs.org/jwt-decode/-/jwt-decode-3.1.2.tgz",
            "integrity": "sha512-UfpWE/VZn0iP50d8cz9NrZLM9lSWhcJ+0Gt/nm4by88UL+J1SiKN8/5dkjMmbEzwL2CAe+67GsegCbIKtbp75A=="
        },
        "node_modules/micromodal": {
            "version": "0.4.10",
            "resolved": "https://registry.npmjs.org/micromodal/-/micromodal-0.4.10.tgz",
            "integrity": "sha512-BUrEnzMPFBwK8nOE4xUDYHLrlGlLULQVjpja99tpJQPSUEWgw3kTLp1n1qv0HmKU29AiHE7Y7sMLiRziDK4ghQ==",
            "engines": {
                "node": ">=10"
            }
        },
        "node_modules/oidc-client-ts": {
            "version": "2.2.5",
            "resolved": "https://registry.npmjs.org/oidc-client-ts/-/oidc-client-ts-2.2.5.tgz",
            "integrity": "sha512-omAHoLdFcylnwZeHJahOnJBwd0r78JzhmVAmsQjLGrexAnQKiHW9Ilr9FlRD5qjMikmabvaucI4k49AbQLXhmQ==",
            "dependencies": {
                "crypto-js": "^4.1.1",
                "jwt-decode": "^3.1.2"
            },
            "engines": {
                "node": ">=12.13.0"
            }
        },
        "node_modules/typescript": {
            "version": "4.7.4",
            "resolved": "https://registry.npmjs.org/typescript/-/typescript-4.7.4.tgz",
            "integrity": "sha512-C0WQT0gezHuw6AdY1M2jxUO83Rjf0HP7Sk1DtXj6j1EwkQNZrHAg2XPWlq62oqEhYvONq5pkC2Y9oPljWToLmQ==",
            "dev": true,
            "bin": {
                "tsc": "bin/tsc",
                "tsserver": "bin/tsserver"
            },
            "engines": {
                "node": ">=4.2.0"
            }
        }
    }
}
