# Generated by buf. DO NOT EDIT.
version: v1
deps:
  - remote: buf.build
    owner: trinsic
    repository: okapi
    branch: main
    commit: 08b1dba9ef624646a2a13c39dd8c4167
    digest: b1-9g9bOPedETzZWhCV5mSymRYA3AqWWROyUVPXgl-iesI=
    create_time: 2021-10-22T16:38:09.825264Z
  - remote: buf.build
    owner: trinsic
    repository: services
    branch: main
    commit: 5cf6174654e2477da2f2a0ca0e797af7
    digest: b1-BkdWKz8j2qJ6vImFEdhd9cNTGhDugPyYbASNkI7ZKWk=
    create_time: 2021-12-09T17:58:14.051785Z
